PODS:
  - CSVImporter (1.3.0):
    - FileKit (~> 4.0)
    - HandySwift (~> 1.3)
  - FileKit (4.0.0)
  - HandySwift (1.3.0)

DEPENDENCIES:
  - CSVImporter (~> 1.3)

SPEC CHECKSUMS:
  CSVImporter: 72f1a307ba844da60175c1b8e888a421a6510b9d
  FileKit: 2589d0393b3bfdc599c2ba6e41419be6db4279e0
  HandySwift: 70d36378bc260e98fb7f4af154fa540324edd2e2

PODFILE CHECKSUM: 40851c60e5a56c31b2cafc8a4ab2d3fdbfd227a6

COCOAPODS: 1.1.1
