PODS:
  - Alamofire (4.0.1)
  - CSVImporter (1.3.0):
    - FileKit (~> 4.0)
    - HandySwift (~> 1.3)
  - FileKit (4.0.0)
  - HandySwift (1.3.0)

DEPENDENCIES:
  - Alamofire (~> 4.0)
  - CSVImporter (~> 1.3)

SPEC CHECKSUMS:
  Alamofire: 7682d43245de14874acd142ec137b144aa1dd335
  CSVImporter: 72f1a307ba844da60175c1b8e888a421a6510b9d
  FileKit: 2589d0393b3bfdc599c2ba6e41419be6db4279e0
  HandySwift: 70d36378bc260e98fb7f4af154fa540324edd2e2

PODFILE CHECKSUM: 8d7e7a801668ef2deeda4dd0e5ab4af0b0c79bc7

COCOAPODS: 1.1.1
